// !$*UTF8*$!
{
	archiveVersion = 1;
	classes = {
	};
	objectVersion = 55;
	objects = {

/* Begin PBXBuildFile section */
		ED23D49C27284602002EE0AE /* Tests_iOS.swift in Sources */ = {isa = PBXBuildFile; fileRef = ED23D49B27284602002EE0AE /* Tests_iOS.swift */; };
		ED23D49E27284602002EE0AE /* Tests_iOSLaunchTests.swift in Sources */ = {isa = PBXBuildFile; fileRef = ED23D49D27284602002EE0AE /* Tests_iOSLaunchTests.swift */; };
		ED23D4A827284602002EE0AE /* Tests_macOS.swift in Sources */ = {isa = PBXBuildFile; fileRef = ED23D4A727284602002EE0AE /* Tests_macOS.swift */; };
		ED23D4AA27284602002EE0AE /* Tests_macOSLaunchTests.swift in Sources */ = {isa = PBXBuildFile; fileRef = ED23D4A927284602002EE0AE /* Tests_macOSLaunchTests.swift */; };
		ED23D4AB27284602002EE0AE /* tistApp.swift in Sources */ = {isa = PBXBuildFile; fileRef = ED23D483272845FF002EE0AE /* tistApp.swift */; };
		ED23D4AC27284602002EE0AE /* tistApp.swift in Sources */ = {isa = PBXBuildFile; fileRef = ED23D483272845FF002EE0AE /* tistApp.swift */; };
		ED23D4AD27284602002EE0AE /* ContentView.swift in Sources */ = {isa = PBXBuildFile; fileRef = ED23D484272845FF002EE0AE /* ContentView.swift */; };
		ED23D4AE27284602002EE0AE /* ContentView.swift in Sources */ = {isa = PBXBuildFile; fileRef = ED23D484272845FF002EE0AE /* ContentView.swift */; };
		ED23D4AF27284602002EE0AE /* Assets.xcassets in Resources */ = {isa = PBXBuildFile; fileRef = ED23D48527284602002EE0AE /* Assets.xcassets */; };
		ED23D4B027284602002EE0AE /* Assets.xcassets in Resources */ = {isa = PBXBuildFile; fileRef = ED23D48527284602002EE0AE /* Assets.xcassets */; };
		ED745CAC2728ACEC00DAAF00 /* TodoTask.swift in Sources */ = {isa = PBXBuildFile; fileRef = ED745CAB2728ACEC00DAAF00 /* TodoTask.swift */; };
		ED745CAD2728ACEC00DAAF00 /* TodoTask.swift in Sources */ = {isa = PBXBuildFile; fileRef = ED745CAB2728ACEC00DAAF00 /* TodoTask.swift */; };
		EDA44A272730036D00EBA793 /* TodoList.swift in Sources */ = {isa = PBXBuildFile; fileRef = EDA44A262730036D00EBA793 /* TodoList.swift */; };
		EDA44A282730036D00EBA793 /* TodoList.swift in Sources */ = {isa = PBXBuildFile; fileRef = EDA44A262730036D00EBA793 /* TodoList.swift */; };
/* End PBXBuildFile section */

/* Begin PBXContainerItemProxy section */
		ED23D49827284602002EE0AE /* PBXContainerItemProxy */ = {
			isa = PBXContainerItemProxy;
			containerPortal = ED23D47E272845FF002EE0AE /* Project object */;
			proxyType = 1;
			remoteGlobalIDString = ED23D48927284602002EE0AE;
			remoteInfo = "tist (iOS)";
		};
		ED23D4A427284602002EE0AE /* PBXContainerItemProxy */ = {
			isa = PBXContainerItemProxy;
			containerPortal = ED23D47E272845FF002EE0AE /* Project object */;
			proxyType = 1;
			remoteGlobalIDString = ED23D48F27284602002EE0AE;
			remoteInfo = "tist (macOS)";
		};
/* End PBXContainerItemProxy section */

/* Begin PBXFileReference section */
		ED23D483272845FF002EE0AE /* tistApp.swift */ = {isa = PBXFileReference; lastKnownFileType = sourcecode.swift; path = tistApp.swift; sourceTree = "<group>"; };
		ED23D484272845FF002EE0AE /* ContentView.swift */ = {isa = PBXFileReference; lastKnownFileType = sourcecode.swift; path = ContentView.swift; sourceTree = "<group>"; };
		ED23D48527284602002EE0AE /* Assets.xcassets */ = {isa = PBXFileReference; lastKnownFileType = folder.assetcatalog; path = Assets.xcassets; sourceTree = "<group>"; };
		ED23D48A27284602002EE0AE /* tist.app */ = {isa = PBXFileReference; explicitFileType = wrapper.application; includeInIndex = 0; path = tist.app; sourceTree = BUILT_PRODUCTS_DIR; };
		ED23D49027284602002EE0AE /* tist.app */ = {isa = PBXFileReference; explicitFileType = wrapper.application; includeInIndex = 0; path = tist.app; sourceTree = BUILT_PRODUCTS_DIR; };
		ED23D49227284602002EE0AE /* macOS.entitlements */ = {isa = PBXFileReference; lastKnownFileType = text.plist.entitlements; path = macOS.entitlements; sourceTree = "<group>"; };
		ED23D49727284602002EE0AE /* Tests iOS.xctest */ = {isa = PBXFileReference; explicitFileType = wrapper.cfbundle; includeInIndex = 0; path = "Tests iOS.xctest"; sourceTree = BUILT_PRODUCTS_DIR; };
		ED23D49B27284602002EE0AE /* Tests_iOS.swift */ = {isa = PBXFileReference; lastKnownFileType = sourcecode.swift; path = Tests_iOS.swift; sourceTree = "<group>"; };
		ED23D49D27284602002EE0AE /* Tests_iOSLaunchTests.swift */ = {isa = PBXFileReference; lastKnownFileType = sourcecode.swift; path = Tests_iOSLaunchTests.swift; sourceTree = "<group>"; };
		ED23D4A327284602002EE0AE /* Tests macOS.xctest */ = {isa = PBXFileReference; explicitFileType = wrapper.cfbundle; includeInIndex = 0; path = "Tests macOS.xctest"; sourceTree = BUILT_PRODUCTS_DIR; };
		ED23D4A727284602002EE0AE /* Tests_macOS.swift */ = {isa = PBXFileReference; lastKnownFileType = sourcecode.swift; path = Tests_macOS.swift; sourceTree = "<group>"; };
		ED23D4A927284602002EE0AE /* Tests_macOSLaunchTests.swift */ = {isa = PBXFileReference; lastKnownFileType = sourcecode.swift; path = Tests_macOSLaunchTests.swift; sourceTree = "<group>"; };
		ED745CAB2728ACEC00DAAF00 /* TodoTask.swift */ = {isa = PBXFileReference; lastKnownFileType = sourcecode.swift; path = TodoTask.swift; sourceTree = "<group>"; };
		EDA44A262730036D00EBA793 /* TodoList.swift */ = {isa = PBXFileReference; lastKnownFileType = sourcecode.swift; path = TodoList.swift; sourceTree = "<group>"; };
		EDD06CA727284B760024B7FB /* tist (iOS).entitlements */ = {isa = PBXFileReference; lastKnownFileType = text.plist.entitlements; path = "tist (iOS).entitlements"; sourceTree = "<group>"; };
/* End PBXFileReference section */

/* Begin PBXFrameworksBuildPhase section */
		ED23D48727284602002EE0AE /* Frameworks */ = {
			isa = PBXFrameworksBuildPhase;
			buildActionMask = 2147483647;
			files = (
			);
			runOnlyForDeploymentPostprocessing = 0;
		};
		ED23D48D27284602002EE0AE /* Frameworks */ = {
			isa = PBXFrameworksBuildPhase;
			buildActionMask = 2147483647;
			files = (
			);
			runOnlyForDeploymentPostprocessing = 0;
		};
		ED23D49427284602002EE0AE /* Frameworks */ = {
			isa = PBXFrameworksBuildPhase;
			buildActionMask = 2147483647;
			files = (
			);
			runOnlyForDeploymentPostprocessing = 0;
		};
		ED23D4A027284602002EE0AE /* Frameworks */ = {
			isa = PBXFrameworksBuildPhase;
			buildActionMask = 2147483647;
			files = (
			);
			runOnlyForDeploymentPostprocessing = 0;
		};
/* End PBXFrameworksBuildPhase section */

/* Begin PBXGroup section */
		ED23D47D272845FF002EE0AE = {
			isa = PBXGroup;
			children = (
				EDD06CA727284B760024B7FB /* tist (iOS).entitlements */,
				ED23D482272845FF002EE0AE /* Shared */,
				ED23D49127284602002EE0AE /* macOS */,
				ED23D49A27284602002EE0AE /* Tests iOS */,
				ED23D4A627284602002EE0AE /* Tests macOS */,
				ED23D48B27284602002EE0AE /* Products */,
			);
			sourceTree = "<group>";
		};
		ED23D482272845FF002EE0AE /* Shared */ = {
			isa = PBXGroup;
			children = (
				ED23D483272845FF002EE0AE /* tistApp.swift */,
				ED745CAB2728ACEC00DAAF00 /* TodoTask.swift */,
				EDA44A262730036D00EBA793 /* TodoList.swift */,
				ED23D484272845FF002EE0AE /* ContentView.swift */,
				ED23D48527284602002EE0AE /* Assets.xcassets */,
			);
			path = Shared;
			sourceTree = "<group>";
		};
		ED23D48B27284602002EE0AE /* Products */ = {
			isa = PBXGroup;
			children = (
				ED23D48A27284602002EE0AE /* tist.app */,
				ED23D49027284602002EE0AE /* tist.app */,
				ED23D49727284602002EE0AE /* Tests iOS.xctest */,
				ED23D4A327284602002EE0AE /* Tests macOS.xctest */,
			);
			name = Products;
			sourceTree = "<group>";
		};
		ED23D49127284602002EE0AE /* macOS */ = {
			isa = PBXGroup;
			children = (
				ED23D49227284602002EE0AE /* macOS.entitlements */,
			);
			path = macOS;
			sourceTree = "<group>";
		};
		ED23D49A27284602002EE0AE /* Tests iOS */ = {
			isa = PBXGroup;
			children = (
				ED23D49B27284602002EE0AE /* Tests_iOS.swift */,
				ED23D49D27284602002EE0AE /* Tests_iOSLaunchTests.swift */,
			);
			path = "Tests iOS";
			sourceTree = "<group>";
		};
		ED23D4A627284602002EE0AE /* Tests macOS */ = {
			isa = PBXGroup;
			children = (
				ED23D4A727284602002EE0AE /* Tests_macOS.swift */,
				ED23D4A927284602002EE0AE /* Tests_macOSLaunchTests.swift */,
			);
			path = "Tests macOS";
			sourceTree = "<group>";
		};
/* End PBXGroup section */

/* Begin PBXNativeTarget section */
		ED23D48927284602002EE0AE /* tist (iOS) */ = {
			isa = PBXNativeTarget;
			buildConfigurationList = ED23D4B327284602002EE0AE /* Build configuration list for PBXNativeTarget "tist (iOS)" */;
			buildPhases = (
				ED23D48627284602002EE0AE /* Sources */,
				ED23D48727284602002EE0AE /* Frameworks */,
				ED23D48827284602002EE0AE /* Resources */,
			);
			buildRules = (
			);
			dependencies = (
			);
			name = "tist (iOS)";
			productName = "tist (iOS)";
			productReference = ED23D48A27284602002EE0AE /* tist.app */;
			productType = "com.apple.product-type.application";
		};
		ED23D48F27284602002EE0AE /* tist (macOS) */ = {
			isa = PBXNativeTarget;
			buildConfigurationList = ED23D4B627284602002EE0AE /* Build configuration list for PBXNativeTarget "tist (macOS)" */;
			buildPhases = (
				ED23D48C27284602002EE0AE /* Sources */,
				ED23D48D27284602002EE0AE /* Frameworks */,
				ED23D48E27284602002EE0AE /* Resources */,
			);
			buildRules = (
			);
			dependencies = (
			);
			name = "tist (macOS)";
			productName = "tist (macOS)";
			productReference = ED23D49027284602002EE0AE /* tist.app */;
			productType = "com.apple.product-type.application";
		};
		ED23D49627284602002EE0AE /* Tests iOS */ = {
			isa = PBXNativeTarget;
			buildConfigurationList = ED23D4B927284602002EE0AE /* Build configuration list for PBXNativeTarget "Tests iOS" */;
			buildPhases = (
				ED23D49327284602002EE0AE /* Sources */,
				ED23D49427284602002EE0AE /* Frameworks */,
				ED23D49527284602002EE0AE /* Resources */,
			);
			buildRules = (
			);
			dependencies = (
				ED23D49927284602002EE0AE /* PBXTargetDependency */,
			);
			name = "Tests iOS";
			productName = "Tests iOS";
			productReference = ED23D49727284602002EE0AE /* Tests iOS.xctest */;
			productType = "com.apple.product-type.bundle.ui-testing";
		};
		ED23D4A227284602002EE0AE /* Tests macOS */ = {
			isa = PBXNativeTarget;
			buildConfigurationList = ED23D4BC27284602002EE0AE /* Build configuration list for PBXNativeTarget "Tests macOS" */;
			buildPhases = (
				ED23D49F27284602002EE0AE /* Sources */,
				ED23D4A027284602002EE0AE /* Frameworks */,
				ED23D4A127284602002EE0AE /* Resources */,
			);
			buildRules = (
			);
			dependencies = (
				ED23D4A527284602002EE0AE /* PBXTargetDependency */,
			);
			name = "Tests macOS";
			productName = "Tests macOS";
			productReference = ED23D4A327284602002EE0AE /* Tests macOS.xctest */;
			productType = "com.apple.product-type.bundle.ui-testing";
		};
/* End PBXNativeTarget section */

/* Begin PBXProject section */
		ED23D47E272845FF002EE0AE /* Project object */ = {
			isa = PBXProject;
			attributes = {
				BuildIndependentTargetsInParallel = 1;
				LastSwiftUpdateCheck = 1300;
				LastUpgradeCheck = 1300;
				TargetAttributes = {
					ED23D48927284602002EE0AE = {
						CreatedOnToolsVersion = 13.0;
					};
					ED23D48F27284602002EE0AE = {
						CreatedOnToolsVersion = 13.0;
					};
					ED23D49627284602002EE0AE = {
						CreatedOnToolsVersion = 13.0;
						TestTargetID = ED23D48927284602002EE0AE;
					};
					ED23D4A227284602002EE0AE = {
						CreatedOnToolsVersion = 13.0;
						TestTargetID = ED23D48F27284602002EE0AE;
					};
				};
			};
			buildConfigurationList = ED23D481272845FF002EE0AE /* Build configuration list for PBXProject "tist" */;
			compatibilityVersion = "Xcode 13.0";
			developmentRegion = en;
			hasScannedForEncodings = 0;
			knownRegions = (
				en,
				Base,
			);
			mainGroup = ED23D47D272845FF002EE0AE;
			productRefGroup = ED23D48B27284602002EE0AE /* Products */;
			projectDirPath = "";
			projectRoot = "";
			targets = (
				ED23D48927284602002EE0AE /* tist (iOS) */,
				ED23D48F27284602002EE0AE /* tist (macOS) */,
				ED23D49627284602002EE0AE /* Tests iOS */,
				ED23D4A227284602002EE0AE /* Tests macOS */,
			);
		};
/* End PBXProject section */

/* Begin PBXResourcesBuildPhase section */
		ED23D48827284602002EE0AE /* Resources */ = {
			isa = PBXResourcesBuildPhase;
			buildActionMask = 2147483647;
			files = (
				ED23D4AF27284602002EE0AE /* Assets.xcassets in Resources */,
			);
			runOnlyForDeploymentPostprocessing = 0;
		};
		ED23D48E27284602002EE0AE /* Resources */ = {
			isa = PBXResourcesBuildPhase;
			buildActionMask = 2147483647;
			files = (
				ED23D4B027284602002EE0AE /* Assets.xcassets in Resources */,
			);
			runOnlyForDeploymentPostprocessing = 0;
		};
		ED23D49527284602002EE0AE /* Resources */ = {
			isa = PBXResourcesBuildPhase;
			buildActionMask = 2147483647;
			files = (
			);
			runOnlyForDeploymentPostprocessing = 0;
		};
		ED23D4A127284602002EE0AE /* Resources */ = {
			isa = PBXResourcesBuildPhase;
			buildActionMask = 2147483647;
			files = (
			);
			runOnlyForDeploymentPostprocessing = 0;
		};
/* End PBXResourcesBuildPhase section */

/* Begin PBXSourcesBuildPhase section */
		ED23D48627284602002EE0AE /* Sources */ = {
			isa = PBXSourcesBuildPhase;
			buildActionMask = 2147483647;
			files = (
				EDA44A272730036D00EBA793 /* TodoList.swift in Sources */,
				ED23D4AD27284602002EE0AE /* ContentView.swift in Sources */,
				ED745CAC2728ACEC00DAAF00 /* TodoTask.swift in Sources */,
				ED23D4AB27284602002EE0AE /* tistApp.swift in Sources */,
			);
			runOnlyForDeploymentPostprocessing = 0;
		};
		ED23D48C27284602002EE0AE /* Sources */ = {
			isa = PBXSourcesBuildPhase;
			buildActionMask = 2147483647;
			files = (
				EDA44A282730036D00EBA793 /* TodoList.swift in Sources */,
				ED23D4AE27284602002EE0AE /* ContentView.swift in Sources */,
				ED745CAD2728ACEC00DAAF00 /* TodoTask.swift in Sources */,
				ED23D4AC27284602002EE0AE /* tistApp.swift in Sources */,
			);
			runOnlyForDeploymentPostprocessing = 0;
		};
		ED23D49327284602002EE0AE /* Sources */ = {
			isa = PBXSourcesBuildPhase;
			buildActionMask = 2147483647;
			files = (
				ED23D49E27284602002EE0AE /* Tests_iOSLaunchTests.swift in Sources */,
				ED23D49C27284602002EE0AE /* Tests_iOS.swift in Sources */,
			);
			runOnlyForDeploymentPostprocessing = 0;
		};
		ED23D49F27284602002EE0AE /* Sources */ = {
			isa = PBXSourcesBuildPhase;
			buildActionMask = 2147483647;
			files = (
				ED23D4AA27284602002EE0AE /* Tests_macOSLaunchTests.swift in Sources */,
				ED23D4A827284602002EE0AE /* Tests_macOS.swift in Sources */,
			);
			runOnlyForDeploymentPostprocessing = 0;
		};
/* End PBXSourcesBuildPhase section */

/* Begin PBXTargetDependency section */
		ED23D49927284602002EE0AE /* PBXTargetDependency */ = {
			isa = PBXTargetDependency;
			target = ED23D48927284602002EE0AE /* tist (iOS) */;
			targetProxy = ED23D49827284602002EE0AE /* PBXContainerItemProxy */;
		};
		ED23D4A527284602002EE0AE /* PBXTargetDependency */ = {
			isa = PBXTargetDependency;
			target = ED23D48F27284602002EE0AE /* tist (macOS) */;
			targetProxy = ED23D4A427284602002EE0AE /* PBXContainerItemProxy */;
		};
/* End PBXTargetDependency section */

/* Begin XCBuildConfiguration section */
		ED23D4B127284602002EE0AE /* Debug */ = {
			isa = XCBuildConfiguration;
			buildSettings = {
				ALWAYS_SEARCH_USER_PATHS = NO;
				CLANG_ANALYZER_NONNULL = YES;
				CLANG_ANALYZER_NUMBER_OBJECT_CONVERSION = YES_AGGRESSIVE;
				CLANG_CXX_LANGUAGE_STANDARD = "gnu++17";
				CLANG_CXX_LIBRARY = "libc++";
				CLANG_ENABLE_MODULES = YES;
				CLANG_ENABLE_OBJC_ARC = YES;
				CLANG_ENABLE_OBJC_WEAK = YES;
				CLANG_WARN_BLOCK_CAPTURE_AUTORELEASING = YES;
				CLANG_WARN_BOOL_CONVERSION = YES;
				CLANG_WARN_COMMA = YES;
				CLANG_WARN_CONSTANT_CONVERSION = YES;
				CLANG_WARN_DEPRECATED_OBJC_IMPLEMENTATIONS = YES;
				CLANG_WARN_DIRECT_OBJC_ISA_USAGE = YES_ERROR;
				CLANG_WARN_DOCUMENTATION_COMMENTS = YES;
				CLANG_WARN_EMPTY_BODY = YES;
				CLANG_WARN_ENUM_CONVERSION = YES;
				CLANG_WARN_INFINITE_RECURSION = YES;
				CLANG_WARN_INT_CONVERSION = YES;
				CLANG_WARN_NON_LITERAL_NULL_CONVERSION = YES;
				CLANG_WARN_OBJC_IMPLICIT_RETAIN_SELF = YES;
				CLANG_WARN_OBJC_LITERAL_CONVERSION = YES;
				CLANG_WARN_OBJC_ROOT_CLASS = YES_ERROR;
				CLANG_WARN_QUOTED_INCLUDE_IN_FRAMEWORK_HEADER = YES;
				CLANG_WARN_RANGE_LOOP_ANALYSIS = YES;
				CLANG_WARN_STRICT_PROTOTYPES = YES;
				CLANG_WARN_SUSPICIOUS_MOVE = YES;
				CLANG_WARN_UNGUARDED_AVAILABILITY = YES_AGGRESSIVE;
				CLANG_WARN_UNREACHABLE_CODE = YES;
				CLANG_WARN__DUPLICATE_METHOD_MATCH = YES;
				COPY_PHASE_STRIP = NO;
				DEBUG_INFORMATION_FORMAT = dwarf;
				ENABLE_STRICT_OBJC_MSGSEND = YES;
				ENABLE_TESTABILITY = YES;
				GCC_C_LANGUAGE_STANDARD = gnu11;
				GCC_DYNAMIC_NO_PIC = NO;
				GCC_NO_COMMON_BLOCKS = YES;
				GCC_OPTIMIZATION_LEVEL = 0;
				GCC_PREPROCESSOR_DEFINITIONS = (
					"DEBUG=1",
					"$(inherited)",
				);
				GCC_WARN_64_TO_32_BIT_CONVERSION = YES;
				GCC_WARN_ABOUT_RETURN_TYPE = YES_ERROR;
				GCC_WARN_UNDECLARED_SELECTOR = YES;
				GCC_WARN_UNINITIALIZED_AUTOS = YES_AGGRESSIVE;
				GCC_WARN_UNUSED_FUNCTION = YES;
				GCC_WARN_UNUSED_VARIABLE = YES;
				MTL_ENABLE_DEBUG_INFO = INCLUDE_SOURCE;
				MTL_FAST_MATH = YES;
				ONLY_ACTIVE_ARCH = YES;
				SWIFT_ACTIVE_COMPILATION_CONDITIONS = DEBUG;
				SWIFT_OPTIMIZATION_LEVEL = "-Onone";
			};
			name = Debug;
		};
		ED23D4B227284602002EE0AE /* Release */ = {
			isa = XCBuildConfiguration;
			buildSettings = {
				ALWAYS_SEARCH_USER_PATHS = NO;
				CLANG_ANALYZER_NONNULL = YES;
				CLANG_ANALYZER_NUMBER_OBJECT_CONVERSION = YES_AGGRESSIVE;
				CLANG_CXX_LANGUAGE_STANDARD = "gnu++17";
				CLANG_CXX_LIBRARY = "libc++";
				CLANG_ENABLE_MODULES = YES;
				CLANG_ENABLE_OBJC_ARC = YES;
				CLANG_ENABLE_OBJC_WEAK = YES;
				CLANG_WARN_BLOCK_CAPTURE_AUTORELEASING = YES;
				CLANG_WARN_BOOL_CONVERSION = YES;
				CLANG_WARN_COMMA = YES;
				CLANG_WARN_CONSTANT_CONVERSION = YES;
				CLANG_WARN_DEPRECATED_OBJC_IMPLEMENTATIONS = YES;
				CLANG_WARN_DIRECT_OBJC_ISA_USAGE = YES_ERROR;
				CLANG_WARN_DOCUMENTATION_COMMENTS = YES;
				CLANG_WARN_EMPTY_BODY = YES;
				CLANG_WARN_ENUM_CONVERSION = YES;
				CLANG_WARN_INFINITE_RECURSION = YES;
				CLANG_WARN_INT_CONVERSION = YES;
				CLANG_WARN_NON_LITERAL_NULL_CONVERSION = YES;
				CLANG_WARN_OBJC_IMPLICIT_RETAIN_SELF = YES;
				CLANG_WARN_OBJC_LITERAL_CONVERSION = YES;
				CLANG_WARN_OBJC_ROOT_CLASS = YES_ERROR;
				CLANG_WARN_QUOTED_INCLUDE_IN_FRAMEWORK_HEADER = YES;
				CLANG_WARN_RANGE_LOOP_ANALYSIS = YES;
				CLANG_WARN_STRICT_PROTOTYPES = YES;
				CLANG_WARN_SUSPICIOUS_MOVE = YES;
				CLANG_WARN_UNGUARDED_AVAILABILITY = YES_AGGRESSIVE;
				CLANG_WARN_UNREACHABLE_CODE = YES;
				CLANG_WARN__DUPLICATE_METHOD_MATCH = YES;
				COPY_PHASE_STRIP = NO;
				DEBUG_INFORMATION_FORMAT = "dwarf-with-dsym";
				ENABLE_NS_ASSERTIONS = NO;
				ENABLE_STRICT_OBJC_MSGSEND = YES;
				GCC_C_LANGUAGE_STANDARD = gnu11;
				GCC_NO_COMMON_BLOCKS = YES;
				GCC_WARN_64_TO_32_BIT_CONVERSION = YES;
				GCC_WARN_ABOUT_RETURN_TYPE = YES_ERROR;
				GCC_WARN_UNDECLARED_SELECTOR = YES;
				GCC_WARN_UNINITIALIZED_AUTOS = YES_AGGRESSIVE;
				GCC_WARN_UNUSED_FUNCTION = YES;
				GCC_WARN_UNUSED_VARIABLE = YES;
				MTL_ENABLE_DEBUG_INFO = NO;
				MTL_FAST_MATH = YES;
				SWIFT_COMPILATION_MODE = wholemodule;
				SWIFT_OPTIMIZATION_LEVEL = "-O";
			};
			name = Release;
		};
		ED23D4B427284602002EE0AE /* Debug */ = {
			isa = XCBuildConfiguration;
			buildSettings = {
				ASSETCATALOG_COMPILER_APPICON_NAME = AppIcon;
				ASSETCATALOG_COMPILER_GLOBAL_ACCENT_COLOR_NAME = AccentColor;
				CODE_SIGN_ENTITLEMENTS = "tist (iOS).entitlements";
				"CODE_SIGN_IDENTITY[sdk=macosx*]" = "Apple Development";
				CODE_SIGN_STYLE = Automatic;
				CURRENT_PROJECT_VERSION = 1;
				DEVELOPMENT_TEAM = U2MLK22838;
				ENABLE_PREVIEWS = YES;
				GENERATE_INFOPLIST_FILE = YES;
				INFOPLIST_KEY_LSApplicationCategoryType = "public.app-category.productivity";
				INFOPLIST_KEY_UIApplicationSceneManifest_Generation = YES;
				INFOPLIST_KEY_UIApplicationSupportsIndirectInputEvents = YES;
				INFOPLIST_KEY_UILaunchScreen_Generation = YES;
				INFOPLIST_KEY_UISupportedInterfaceOrientations_iPad = "UIInterfaceOrientationPortrait UIInterfaceOrientationPortraitUpsideDown UIInterfaceOrientationLandscapeLeft UIInterfaceOrientationLandscapeRight";
				INFOPLIST_KEY_UISupportedInterfaceOrientations_iPhone = "UIInterfaceOrientationPortrait UIInterfaceOrientationLandscapeLeft UIInterfaceOrientationLandscapeRight";
				IPHONEOS_DEPLOYMENT_TARGET = 14.0;
				LD_RUNPATH_SEARCH_PATHS = (
					"$(inherited)",
					"@executable_path/Frameworks",
				);
				MARKETING_VERSION = 1.0;
				PRODUCT_BUNDLE_IDENTIFIER = mp.tist;
				PRODUCT_NAME = tist;
				SDKROOT = iphoneos;
				SUPPORTS_MACCATALYST = NO;
				SWIFT_EMIT_LOC_STRINGS = YES;
				SWIFT_VERSION = 5.0;
				TARGETED_DEVICE_FAMILY = "1,2";
			};
			name = Debug;
		};
		ED23D4B527284602002EE0AE /* Release */ = {
			isa = XCBuildConfiguration;
			buildSettings = {
				ASSETCATALOG_COMPILER_APPICON_NAME = AppIcon;
				ASSETCATALOG_COMPILER_GLOBAL_ACCENT_COLOR_NAME = AccentColor;
				CODE_SIGN_ENTITLEMENTS = "tist (iOS).entitlements";
				"CODE_SIGN_IDENTITY[sdk=macosx*]" = "Apple Development";
				CODE_SIGN_STYLE = Automatic;
				CURRENT_PROJECT_VERSION = 1;
				DEVELOPMENT_TEAM = U2MLK22838;
				ENABLE_PREVIEWS = YES;
				GENERATE_INFOPLIST_FILE = YES;
				INFOPLIST_KEY_LSApplicationCategoryType = "public.app-category.productivity";
				INFOPLIST_KEY_UIApplicationSceneManifest_Generation = YES;
				INFOPLIST_KEY_UIApplicationSupportsIndirectInputEvents = YES;
				INFOPLIST_KEY_UILaunchScreen_Generation = YES;
				INFOPLIST_KEY_UISupportedInterfaceOrientations_iPad = "UIInterfaceOrientationPortrait UIInterfaceOrientationPortraitUpsideDown UIInterfaceOrientationLandscapeLeft UIInterfaceOrientationLandscapeRight";
				INFOPLIST_KEY_UISupportedInterfaceOrientations_iPhone = "UIInterfaceOrientationPortrait UIInterfaceOrientationLandscapeLeft UIInterfaceOrientationLandscapeRight";
				IPHONEOS_DEPLOYMENT_TARGET = 14.0;
				LD_RUNPATH_SEARCH_PATHS = (
					"$(inherited)",
					"@executable_path/Frameworks",
				);
				MARKETING_VERSION = 1.0;
				PRODUCT_BUNDLE_IDENTIFIER = mp.tist;
				PRODUCT_NAME = tist;
				SDKROOT = iphoneos;
				SUPPORTS_MACCATALYST = NO;
				SWIFT_EMIT_LOC_STRINGS = YES;
				SWIFT_VERSION = 5.0;
				TARGETED_DEVICE_FAMILY = "1,2";
				VALIDATE_PRODUCT = YES;
			};
			name = Release;
		};
		ED23D4B727284602002EE0AE /* Debug */ = {
			isa = XCBuildConfiguration;
			buildSettings = {
				ASSETCATALOG_COMPILER_APPICON_NAME = AppIcon;
				ASSETCATALOG_COMPILER_GLOBAL_ACCENT_COLOR_NAME = AccentColor;
				CODE_SIGN_ENTITLEMENTS = macOS/macOS.entitlements;
				CODE_SIGN_STYLE = Automatic;
				COMBINE_HIDPI_IMAGES = YES;
				CURRENT_PROJECT_VERSION = 1;
				DEVELOPMENT_TEAM = U2MLK22838;
				ENABLE_PREVIEWS = YES;
				GENERATE_INFOPLIST_FILE = YES;
				INFOPLIST_KEY_NSHumanReadableCopyright = "";
				LD_RUNPATH_SEARCH_PATHS = (
					"$(inherited)",
					"@executable_path/../Frameworks",
				);
				MACOSX_DEPLOYMENT_TARGET = 11.0;
				MARKETING_VERSION = 1.0;
				PRODUCT_BUNDLE_IDENTIFIER = mp.tist;
				PRODUCT_NAME = tist;
				SDKROOT = macosx;
				SWIFT_EMIT_LOC_STRINGS = YES;
				SWIFT_VERSION = 5.0;
			};
			name = Debug;
		};
		ED23D4B827284602002EE0AE /* Release */ = {
			isa = XCBuildConfiguration;
			buildSettings = {
				ASSETCATALOG_COMPILER_APPICON_NAME = AppIcon;
				ASSETCATALOG_COMPILER_GLOBAL_ACCENT_COLOR_NAME = AccentColor;
				CODE_SIGN_ENTITLEMENTS = macOS/macOS.entitlements;
				CODE_SIGN_STYLE = Automatic;
				COMBINE_HIDPI_IMAGES = YES;
				CURRENT_PROJECT_VERSION = 1;
				DEVELOPMENT_TEAM = U2MLK22838;
				ENABLE_PREVIEWS = YES;
				GENERATE_INFOPLIST_FILE = YES;
				INFOPLIST_KEY_NSHumanReadableCopyright = "";
				LD_RUNPATH_SEARCH_PATHS = (
					"$(inherited)",
					"@executable_path/../Frameworks",
				);
				MACOSX_DEPLOYMENT_TARGET = 11.0;
				MARKETING_VERSION = 1.0;
				PRODUCT_BUNDLE_IDENTIFIER = mp.tist;
				PRODUCT_NAME = tist;
				SDKROOT = macosx;
				SWIFT_EMIT_LOC_STRINGS = YES;
				SWIFT_VERSION = 5.0;
			};
			name = Release;
		};
		ED23D4BA27284602002EE0AE /* Debug */ = {
			isa = XCBuildConfiguration;
			buildSettings = {
				ALWAYS_EMBED_SWIFT_STANDARD_LIBRARIES = YES;
				"CODE_SIGN_IDENTITY[sdk=macosx*]" = "Apple Development";
				CODE_SIGN_STYLE = Automatic;
				CURRENT_PROJECT_VERSION = 1;
				DEVELOPMENT_TEAM = U2MLK22838;
				GENERATE_INFOPLIST_FILE = YES;
				IPHONEOS_DEPLOYMENT_TARGET = 15.0;
				LD_RUNPATH_SEARCH_PATHS = (
					"$(inherited)",
					"@executable_path/Frameworks",
					"@loader_path/Frameworks",
				);
				MARKETING_VERSION = 1.0;
				PRODUCT_BUNDLE_IDENTIFIER = "mp.Tests-iOS";
				"PRODUCT_BUNDLE_IDENTIFIER[sdk=macosx*]" = "tist-test";
				PRODUCT_NAME = "$(TARGET_NAME)";
				SDKROOT = iphoneos;
				SWIFT_EMIT_LOC_STRINGS = NO;
				SWIFT_VERSION = 5.0;
				TARGETED_DEVICE_FAMILY = "1,2";
				TEST_TARGET_NAME = "tist (iOS)";
			};
			name = Debug;
		};
		ED23D4BB27284602002EE0AE /* Release */ = {
			isa = XCBuildConfiguration;
			buildSettings = {
				ALWAYS_EMBED_SWIFT_STANDARD_LIBRARIES = YES;
				"CODE_SIGN_IDENTITY[sdk=macosx*]" = "Apple Development";
				CODE_SIGN_STYLE = Automatic;
				CURRENT_PROJECT_VERSION = 1;
				DEVELOPMENT_TEAM = U2MLK22838;
				GENERATE_INFOPLIST_FILE = YES;
				IPHONEOS_DEPLOYMENT_TARGET = 15.0;
				LD_RUNPATH_SEARCH_PATHS = (
					"$(inherited)",
					"@executable_path/Frameworks",
					"@loader_path/Frameworks",
				);
				MARKETING_VERSION = 1.0;
				PRODUCT_BUNDLE_IDENTIFIER = "mp.Tests-iOS";
				"PRODUCT_BUNDLE_IDENTIFIER[sdk=macosx*]" = "tist-test";
				PRODUCT_NAME = "$(TARGET_NAME)";
				SDKROOT = iphoneos;
				SWIFT_EMIT_LOC_STRINGS = NO;
				SWIFT_VERSION = 5.0;
				TARGETED_DEVICE_FAMILY = "1,2";
				TEST_TARGET_NAME = "tist (iOS)";
				VALIDATE_PRODUCT = YES;
			};
			name = Release;
		};
		ED23D4BD27284602002EE0AE /* Debug */ = {
			isa = XCBuildConfiguration;
			buildSettings = {
				ALWAYS_EMBED_SWIFT_STANDARD_LIBRARIES = YES;
				CODE_SIGN_STYLE = Automatic;
				COMBINE_HIDPI_IMAGES = YES;
				CURRENT_PROJECT_VERSION = 1;
				DEVELOPMENT_TEAM = U2MLK22838;
				GENERATE_INFOPLIST_FILE = YES;
				LD_RUNPATH_SEARCH_PATHS = (
					"$(inherited)",
					"@executable_path/../Frameworks",
					"@loader_path/../Frameworks",
				);
				MACOSX_DEPLOYMENT_TARGET = 11.3;
				MARKETING_VERSION = 1.0;
				PRODUCT_BUNDLE_IDENTIFIER = "mp.Tests-macOS";
				PRODUCT_NAME = "$(TARGET_NAME)";
				SDKROOT = macosx;
				SWIFT_EMIT_LOC_STRINGS = NO;
				SWIFT_VERSION = 5.0;
				TEST_TARGET_NAME = "tist (macOS)";
			};
			name = Debug;
		};
		ED23D4BE27284602002EE0AE /* Release */ = {
			isa = XCBuildConfiguration;
			buildSettings = {
				ALWAYS_EMBED_SWIFT_STANDARD_LIBRARIES = YES;
				CODE_SIGN_STYLE = Automatic;
				COMBINE_HIDPI_IMAGES = YES;
				CURRENT_PROJECT_VERSION = 1;
				DEVELOPMENT_TEAM = U2MLK22838;
				GENERATE_INFOPLIST_FILE = YES;
				LD_RUNPATH_SEARCH_PATHS = (
					"$(inherited)",
					"@executable_path/../Frameworks",
					"@loader_path/../Frameworks",
				);
				MACOSX_DEPLOYMENT_TARGET = 11.3;
				MARKETING_VERSION = 1.0;
				PRODUCT_BUNDLE_IDENTIFIER = "mp.Tests-macOS";
				PRODUCT_NAME = "$(TARGET_NAME)";
				SDKROOT = macosx;
				SWIFT_EMIT_LOC_STRINGS = NO;
				SWIFT_VERSION = 5.0;
				TEST_TARGET_NAME = "tist (macOS)";
			};
			name = Release;
		};
/* End XCBuildConfiguration section */

/* Begin XCConfigurationList section */
		ED23D481272845FF002EE0AE /* Build configuration list for PBXProject "tist" */ = {
			isa = XCConfigurationList;
			buildConfigurations = (
				ED23D4B127284602002EE0AE /* Debug */,
				ED23D4B227284602002EE0AE /* Release */,
			);
			defaultConfigurationIsVisible = 0;
			defaultConfigurationName = Release;
		};
		ED23D4B327284602002EE0AE /* Build configuration list for PBXNativeTarget "tist (iOS)" */ = {
			isa = XCConfigurationList;
			buildConfigurations = (
				ED23D4B427284602002EE0AE /* Debug */,
				ED23D4B527284602002EE0AE /* Release */,
			);
			defaultConfigurationIsVisible = 0;
			defaultConfigurationName = Release;
		};
		ED23D4B627284602002EE0AE /* Build configuration list for PBXNativeTarget "tist (macOS)" */ = {
			isa = XCConfigurationList;
			buildConfigurations = (
				ED23D4B727284602002EE0AE /* Debug */,
				ED23D4B827284602002EE0AE /* Release */,
			);
			defaultConfigurationIsVisible = 0;
			defaultConfigurationName = Release;
		};
		ED23D4B927284602002EE0AE /* Build configuration list for PBXNativeTarget "Tests iOS" */ = {
			isa = XCConfigurationList;
			buildConfigurations = (
				ED23D4BA27284602002EE0AE /* Debug */,
				ED23D4BB27284602002EE0AE /* Release */,
			);
			defaultConfigurationIsVisible = 0;
			defaultConfigurationName = Release;
		};
		ED23D4BC27284602002EE0AE /* Build configuration list for PBXNativeTarget "Tests macOS" */ = {
			isa = XCConfigurationList;
			buildConfigurations = (
				ED23D4BD27284602002EE0AE /* Debug */,
				ED23D4BE27284602002EE0AE /* Release */,
			);
			defaultConfigurationIsVisible = 0;
			defaultConfigurationName = Release;
		};
/* End XCConfigurationList section */
	};
	rootObject = ED23D47E272845FF002EE0AE /* Project object */;
}
